
Microsoft Visual Studio Solution File, Format Version 12.00
# Visual Studio 15
VisualStudioVersion = 15.0.28010.2019
MinimumVisualStudioVersion = 10.0.40219.1
Project("{FAE04EC0-301F-11D3-BF4B-00C04F79EFBC}") = "DataAccess", "DataAccess\DataAccess.csproj", "{2E753063-575F-4980-9397-7A3CA16DAA1A}"
EndProject
Project("{FAE04EC0-301F-11D3-BF4B-00C04F79EFBC}") = "EntitiesPOJO", "EntitiesPOJO\EntitiesPOJO.csproj", "{B2C1F358-13D6-4741-A286-6E2E51191729}"
EndProject
Project("{FAE04EC0-301F-11D3-BF4B-00C04F79EFBC}") = "Exceptions", "Exceptions\Exceptions.csproj", "{A780762B-4913-42A0-8931-F51A09E809CF}"
EndProject
Project("{FAE04EC0-301F-11D3-BF4B-00C04F79EFBC}") = "CoreAPI", "CoreAPI\CoreAPI.csproj", "{2DEE180A-0D20-445A-B59F-6D02D7E8601D}"
EndProject
Project("{FAE04EC0-301F-11D3-BF4B-00C04F79EFBC}") = "WebAPI", "WebAPI\WebAPI.csproj", "{6E73999E-EE1D-41D5-9A0D-947CFA46768D}"
EndProject
Global
	GlobalSection(SolutionConfigurationPlatforms) = preSolution
		Debug|Any CPU = Debug|Any CPU
		Release|Any CPU = Release|Any CPU
	EndGlobalSection
	GlobalSection(ProjectConfigurationPlatforms) = postSolution
		{2E753063-575F-4980-9397-7A3CA16DAA1A}.Debug|Any CPU.ActiveCfg = Debug|Any CPU
		{2E753063-575F-4980-9397-7A3CA16DAA1A}.Debug|Any CPU.Build.0 = Debug|Any CPU
		{2E753063-575F-4980-9397-7A3CA16DAA1A}.Release|Any CPU.ActiveCfg = Release|Any CPU
		{2E753063-575F-4980-9397-7A3CA16DAA1A}.Release|Any CPU.Build.0 = Release|Any CPU
		{B2C1F358-13D6-4741-A286-6E2E51191729}.Debug|Any CPU.ActiveCfg = Debug|Any CPU
		{B2C1F358-13D6-4741-A286-6E2E51191729}.Debug|Any CPU.Build.0 = Debug|Any CPU
		{B2C1F358-13D6-4741-A286-6E2E51191729}.Release|Any CPU.ActiveCfg = Release|Any CPU
		{B2C1F358-13D6-4741-A286-6E2E51191729}.Release|Any CPU.Build.0 = Release|Any CPU
		{A780762B-4913-42A0-8931-F51A09E809CF}.Debug|Any CPU.ActiveCfg = Debug|Any CPU
		{A780762B-4913-42A0-8931-F51A09E809CF}.Debug|Any CPU.Build.0 = Debug|Any CPU
		{A780762B-4913-42A0-8931-F51A09E809CF}.Release|Any CPU.ActiveCfg = Release|Any CPU
		{A780762B-4913-42A0-8931-F51A09E809CF}.Release|Any CPU.Build.0 = Release|Any CPU
		{2DEE180A-0D20-445A-B59F-6D02D7E8601D}.Debug|Any CPU.ActiveCfg = Debug|Any CPU
		{2DEE180A-0D20-445A-B59F-6D02D7E8601D}.Debug|Any CPU.Build.0 = Debug|Any CPU
		{2DEE180A-0D20-445A-B59F-6D02D7E8601D}.Release|Any CPU.ActiveCfg = Release|Any CPU
		{2DEE180A-0D20-445A-B59F-6D02D7E8601D}.Release|Any CPU.Build.0 = Release|Any CPU
		{6E73999E-EE1D-41D5-9A0D-947CFA46768D}.Debug|Any CPU.ActiveCfg = Debug|Any CPU
		{6E73999E-EE1D-41D5-9A0D-947CFA46768D}.Debug|Any CPU.Build.0 = Debug|Any CPU
		{6E73999E-EE1D-41D5-9A0D-947CFA46768D}.Release|Any CPU.ActiveCfg = Release|Any CPU
		{6E73999E-EE1D-41D5-9A0D-947CFA46768D}.Release|Any CPU.Build.0 = Release|Any CPU
	EndGlobalSection
	GlobalSection(SolutionProperties) = preSolution
		HideSolutionNode = FALSE
	EndGlobalSection
	GlobalSection(ExtensibilityGlobals) = postSolution
		SolutionGuid = {E1196A51-1763-439D-B66C-446ADC19DE56}
	EndGlobalSection
	GlobalSection(TeamFoundationVersionControl) = preSolution
		SccNumberOfProjects = 6
		SccEnterpriseProvider = {4CA58AB2-18FA-4F8D-95D4-32DDF27D184C}
		SccTeamFoundationServer = https://ratreminio.visualstudio.com/
		SccLocalPath0 = .
		SccProjectUniqueName1 = DataAccess\\DataAccess.csproj
		SccProjectName1 = DataAccess
		SccLocalPath1 = DataAccess
		SccProjectUniqueName2 = EntitiesPOJO\\EntitiesPOJO.csproj
		SccProjectName2 = EntitiesPOJO
		SccLocalPath2 = EntitiesPOJO
		SccProjectUniqueName3 = Exceptions\\Exceptions.csproj
		SccProjectName3 = Exceptions
		SccLocalPath3 = Exceptions
		SccProjectUniqueName4 = CoreAPI\\CoreAPI.csproj
		SccProjectName4 = CoreAPI
		SccLocalPath4 = CoreAPI
		SccProjectUniqueName5 = WebAPI\\WebAPI.csproj
		SccProjectName5 = WebAPI
		SccLocalPath5 = WebAPI
	EndGlobalSection
EndGlobal
